
Microsoft Visual Studio Solution File, Format Version 12.00
# Visual Studio Version 16
VisualStudioVersion = 16.0.31205.134
MinimumVisualStudioVersion = 10.0.40219.1
Project("{FAE04EC0-301F-11D3-BF4B-00C04F79EFBC}") = "SocketServer", "SocketServer\SocketServer.csproj", "{2CEB4791-4269-4C37-B196-A159CFFB704B}"
EndProject
Global
	GlobalSection(SolutionConfigurationPlatforms) = preSolution
		Debug|Any CPU = Debug|Any CPU
		Release|Any CPU = Release|Any CPU
	EndGlobalSection
	GlobalSection(ProjectConfigurationPlatforms) = postSolution
		{2CEB4791-4269-4C37-B196-A159CFFB704B}.Debug|Any CPU.ActiveCfg = Debug|Any CPU
		{2CEB4791-4269-4C37-B196-A159CFFB704B}.Debug|Any CPU.Build.0 = Debug|Any CPU
		{2CEB4791-4269-4C37-B196-A159CFFB704B}.Release|Any CPU.ActiveCfg = Release|Any CPU
		{2CEB4791-4269-4C37-B196-A159CFFB704B}.Release|Any CPU.Build.0 = Release|Any CPU
	EndGlobalSection
	GlobalSection(SolutionProperties) = preSolution
		HideSolutionNode = FALSE
	EndGlobalSection
	GlobalSection(ExtensibilityGlobals) = postSolution
		SolutionGuid = {445A7524-1D32-44DE-913E-3C5F57B998BD}
	EndGlobalSection
EndGlobal
